Microsoft Visual Studio Solution File, Format Version 12.00
# Visual Studio Version 17
VisualStudioVersion = 17.5.2.0
MinimumVisualStudioVersion = 10.0.40219.1
Project("{FAE04EC0-301F-11D3-BF4B-00C04F79EFBC}") = "c--usvision", "c--usvision.csproj", "{B68B2215-B3BF-98B8-94BE-5A6CB86871F5}"
EndProject
Global
	GlobalSection(SolutionConfigurationPlatforms) = preSolution
		Debug|Any CPU = Debug|Any CPU
		Release|Any CPU = Release|Any CPU
	EndGlobalSection
	GlobalSection(ProjectConfigurationPlatforms) = postSolution
		{B68B2215-B3BF-98B8-94BE-5A6CB86871F5}.Debug|Any CPU.ActiveCfg = Debug|Any CPU
		{B68B2215-B3BF-98B8-94BE-5A6CB86871F5}.Debug|Any CPU.Build.0 = Debug|Any CPU
		{B68B2215-B3BF-98B8-94BE-5A6CB86871F5}.Release|Any CPU.ActiveCfg = Release|Any CPU
		{B68B2215-B3BF-98B8-94BE-5A6CB86871F5}.Release|Any CPU.Build.0 = Release|Any CPU
	EndGlobalSection
	GlobalSection(SolutionProperties) = preSolution
		HideSolutionNode = FALSE
	EndGlobalSection
	GlobalSection(ExtensibilityGlobals) = postSolution
		SolutionGuid = {AD404A3D-7630-4E1B-B059-9599C0793911}
	EndGlobalSection
EndGlobal
